{
  "object": {
    "pins": [
      {
        "package": "Reachability",
        "repositoryURL": "https://github.com/tonymillion/Reachability",
        "state": {
          "branch": null,
          "revision": "3e16ffa862dda39ca9c49722d9bcb68cc2ae83d5",
          "version": "3.7.6"
        }
      }
    ]
  },
  "version": 1
}
